github.com/Meduzz/helper v0.0.0-20220827112809-0ba7c4859323 h1:AxA46DA81fJVm0MlX9U6yW1lYwKf009ocs0z3Gs5EKc=
github.com/Meduzz/rpc v0.0.0-20221119172413-394d0164f7af h1:/HVuvi/52f/dv4+v4BtS54QjgM29gFw6GKmXJNnioe4=
github.com/Meduzz/rpc v0.0.0-20221119172413-394d0164f7af/go.mod h1:JSSVVCo8uz3aUppMt6nENUuCq3lZyNlufTgy7tRlZcQ=
github.com/Meduzz/rpc v0.0.0-20240518115406-73cf6c063d53 h1:hCGvAC2+3nnmKYt3ZClZcKJghHRLXTn1de9ZMKrWF9k=
github.com/Meduzz/rpc v0.0.0-20240518115406-73cf6c063d53/go.mod h1:86w2Hl+NwOg47Dz02f2tWw7i4S1I72hQxkAY9nIp8vM=
github.com/Meduzz/wendy v0.0.0-20221120102429-5d99e7aa851e h1:rTg/AEwNrYRmGQ++ZIbmSsZtc2okaTMHERvzR+F7YnE=
github.com/Meduzz/wendy v0.0.0-20221120102429-5d99e7aa851e/go.mod h1:vF3fSHCMYeoiTsb7Wkf+QpOBBApMmkh1AAFCzBvWpTU=
github.com/Meduzz/wendy v0.0.0-20230912154832-a8b9d39ed7f6 h1:4DKld3DDcBJWg1UhAl42nVaI4oT6ZW/vHykkzQORA1c=
github.com/Meduzz/wendy v0.0.0-20230912154832-a8b9d39ed7f6/go.mod h1:AutDKSnD7m62i8gLAorFB4Y5ytPHbHT8Y/Lgwiak1tM=
github.com/Meduzz/wendy v0.0.0-20231211200052-1c6b62d8a1df h1:zYZLSgZPtlAm6gkGwabir1B7nTxVtcRpcpL+2WOkHNc=
github.com/Meduzz/wendy v0.0.0-20231211200052-1c6b62d8a1df/go.mod h1:AutDKSnD7m62i8gLAorFB4Y5ytPHbHT8Y/Lgwiak1tM=
github.com/Meduzz/wendy v0.0.0-20231211211341-2c0c7791f541 h1:tGj8SjpU4YksF2GXWAssR8iNCmWtryGE+L4C9LvAkes=
github.com/Meduzz/wendy v0.0.0-20231211211341-2c0c7791f541/go.mod h1:AutDKSnD7m62i8gLAorFB4Y5ytPHbHT8Y/Lgwiak1tM=
github.com/Meduzz/wendy v0.0.0-20231215210459-99e543f428bd h1:2NugpDO/P47/hDTXZxQkU5waNQbQHc98D+mZC4bZhpo=
github.com/Meduzz/wendy v0.0.0-20231215210459-99e543f428bd/go.mod h1:AutDKSnD7m62i8gLAorFB4Y5ytPHbHT8Y/Lgwiak1tM=
github.com/Meduzz/wendy v0.0.0-20240518113628-0bcc5ebc964a h1:b/hGnVg87bkXpS4piV2GtpBbwDGdDCL1IfcFH9yCk/I=
github.com/Meduzz/wendy v0.0.0-20240518113628-0bcc5ebc964a/go.mod h1:AutDKSnD7m62i8gLAorFB4Y5ytPHbHT8Y/Lgwiak1tM=
github.com/golang/protobuf v1.5.2 h1:ROPKBNFfQgOUMifHyP+KYbvpjbdoFNs+aK7DXlji0Tw=
github.com/klauspost/compress v1.15.12 h1:YClS/PImqYbn+UILDnqxQCZ3RehC9N318SU3kElDUEM=
github.com/klauspost/compress v1.16.5 h1:IFV2oUNUzZaz+XyusxpLzpzS8Pt5rh0Z16For/djlyI=
github.com/klauspost/compress v1.16.5/go.mod h1:ntbaceVETuRiXiv4DpjP66DpAtAGkEQskQzEyD//IeE=
github.com/klauspost/compress v1.16.7 h1:2mk3MPGNzKyxErAw8YaohYh69+pa4sIQSC0fPGCFR9I=
github.com/klauspost/compress v1.16.7/go.mod h1:ntbaceVETuRiXiv4DpjP66DpAtAGkEQskQzEyD//IeE=
github.com/klauspost/compress v1.17.4 h1:Ej5ixsIri7BrIjBkRZLTo6ghwrEtHFk7ijlczPW4fZ4=
github.com/klauspost/compress v1.17.4/go.mod h1:/dCuZOvVtNoHsyb+cuJD3itjs3NbnF6KH9zAO4BDxPM=
github.com/klauspost/compress v1.17.8 h1:YcnTYrq7MikUT7k0Yb5eceMmALQPYBW/Xltxn0NAMnU=
github.com/klauspost/compress v1.17.8/go.mod h1:Di0epgTjJY877eYKx5yC51cX2A2Vl2ibi7bDH9ttBbw=
github.com/minio/highwayhash v1.0.2 h1:Aak5U0nElisjDCfPSG79Tgzkn2gl66NxOMspRrKnA/g=
github.com/nats-io/jwt/v2 v2.3.0 h1:z2mA1a7tIf5ShggOFlR1oBPgd6hGqcDYsISxZByUzdI=
github.com/nats-io/nats-server/v2 v2.9.7 h1:VBlfq7xvv/72v0mzGZ2rgsDzUoVyX2Xhssl9XpKDue0=
github.com/nats-io/nats.go v1.20.0 h1:T8JJnQfVSdh1CzGiwAOv5hEobYCBho/0EupGznYw0oM=
github.com/nats-io/nats.go v1.20.0/go.mod h1:tLqubohF7t4z3du1QDPYJIQQyhb4wl6DhjxEajSI7UA=
github.com/nats-io/nats.go v1.28.0 h1:Th4G6zdsz2d0OqXdfzKLClo6bOfoI/b1kInhRtFIy5c=
github.com/nats-io/nats.go v1.28.0/go.mod h1:XpbWUlOElGwTYbMR7imivs7jJj9GtK7ypv321Wp6pjc=
github.com/nats-io/nats.go v1.31.0 h1:/WFBHEc/dOKBF6qf1TZhrdEfTmOZ5JzdJ+Y3m6Y/p7E=
github.com/nats-io/nats.go v1.31.0/go.mod h1:di3Bm5MLsoB4Bx61CBTsxuarI36WbhAwOm8QrW39+i8=
github.com/nats-io/nats.go v1.35.0 h1:XFNqNM7v5B+MQMKqVGAyHwYhyKb48jrenXNxIU20ULk=
github.com/nats-io/nats.go v1.35.0/go.mod h1:Ubdu4Nh9exXdSz0RVWRFBbRfrbSxOYd26oF0wkWclB8=
github.com/nats-io/nkeys v0.3.0 h1:cgM5tL53EvYRU+2YLXIK0G2mJtK12Ft9oeooSZMA2G8=
github.com/nats-io/nkeys v0.3.0/go.mod h1:gvUNGjVcM2IPr5rCsRsC6Wb3Hr2CQAm08dsxtV6A5y4=
github.com/nats-io/nkeys v0.4.4 h1:xvBJ8d69TznjcQl9t6//Q5xXuVhyYiSos6RPtvQNTwA=
github.com/nats-io/nkeys v0.4.4/go.mod h1:XUkxdLPTufzlihbamfzQ7mw/VGx6ObUs+0bN5sNvt64=
github.com/nats-io/nkeys v0.4.6 h1:IzVe95ru2CT6ta874rt9saQRkWfe2nFj1NtvYSLqMzY=
github.com/nats-io/nkeys v0.4.6/go.mod h1:4DxZNzenSVd1cYQoAa8948QY3QDjrHfcfVADymtkpts=
github.com/nats-io/nkeys v0.4.7 h1:RwNJbbIdYCoClSDNY7QVKZlyb/wfT6ugvFCiKy6vDvI=
github.com/nats-io/nkeys v0.4.7/go.mod h1:kqXRgRDPlGy7nGaEDMuYzmiJCIAAWDK0IMBtDmGD0nc=
github.com/nats-io/nuid v1.0.1 h1:5iA8DT8V7q8WK2EScv2padNa/rTESc1KdnPw4TC2paw=
github.com/nats-io/nuid v1.0.1/go.mod h1:19wcPz3Ph3q0Jbyiqsd0kePYG7A95tJPxeL+1OSON2c=
golang.org/x/crypto v0.0.0-20210314154223-e6e6c4f2bb5b/go.mod h1:T9bdIzuCu7OtxOm1hfPfRQxPLYneinmdGuTeoZ9dtd4=
golang.org/x/crypto v0.3.0 h1:a06MkbcxBrEFc0w0QIZWXrH/9cCX6KJyWbBOIwAn+7A=
golang.org/x/crypto v0.3.0/go.mod h1:hebNnKkNXi2UzZN1eVRvBB7co0a+JxK6XbPiWVs/3J4=
golang.org/x/crypto v0.13.0 h1:mvySKfSWJ+UKUii46M40LOvyWfN0s2U+46/jDd0e6Ck=
golang.org/x/crypto v0.13.0/go.mod h1:y6Z2r+Rw4iayiXXAIxJIDAJ1zMW4yaTpebo8fPOliYc=
golang.org/x/crypto v0.16.0 h1:mMMrFzRSCF0GvB7Ne27XVtVAaXLrPmgPC7/v0tkwHaY=
golang.org/x/crypto v0.16.0/go.mod h1:gCAAfMLgwOJRpTjQ2zCCt2OcSfYMTeZVSRtQlPC7Nq4=
golang.org/x/crypto v0.23.0 h1:dIJU/v2J8Mdglj/8rJ6UUOM3Zc9zLZxVZwwxMooUSAI=
golang.org/x/crypto v0.23.0/go.mod h1:CKFgDieR+mRhux2Lsu27y0fO304Db0wZe70UKqHu0v8=
golang.org/x/net v0.0.0-20210226172049-e18ecbb05110/go.mod h1:m0MpNAwzfU5UDzcl9v0D8zg8gWTRqZa9RBIspLL5mdg=
golang.org/x/sys v0.0.0-20201119102817-f84b799fce68/go.mod h1:h1NjWce9XRLGQEsW7wpKNCjG9DtNlClVuFLEZdDNbEs=
golang.org/x/sys v0.2.0 h1:ljd4t30dBnAvMZaQCevtY0xLLD0A+bRZXbgLMLU1F/A=
golang.org/x/sys v0.12.0 h1:CM0HF96J0hcLAwsHPJZjfdNzs0gftsLfgKt57wWHJ0o=
golang.org/x/sys v0.12.0/go.mod h1:oPkhp1MJrh7nUepCBck5+mAzfO9JrbApNNgaTdGDITg=
golang.org/x/sys v0.15.0 h1:h48lPFYpsTvQJZF4EKyI4aLHaev3CxivZmv7yZig9pc=
golang.org/x/sys v0.15.0/go.mod h1:/VUhepiaJMQUp4+oa/7Zr1D23ma6VTLIYjOOTFZPUcA=
golang.org/x/sys v0.20.0 h1:Od9JTbYCk261bKm4M/mw7AklTlFYIa0bIp9BgSm1S8Y=
golang.org/x/sys v0.20.0/go.mod h1:/VUhepiaJMQUp4+oa/7Zr1D23ma6VTLIYjOOTFZPUcA=
golang.org/x/term v0.0.0-20201126162022-7de9c90e9dd1/go.mod h1:bj7SfCRtBDWHUb9snDiAeCFNEtKQo2Wmx5Cou7ajbmo=
golang.org/x/text v0.3.3/go.mod h1:5Zoc/QRtKVWzQhOtBMvqHzDpF6irO9z98xDceosuGiQ=
golang.org/x/time v0.2.0 h1:52I/1L54xyEQAYdtcSuxtiT84KGYTBGXwayxmIpNJhE=
golang.org/x/tools v0.0.0-20180917221912-90fa682c2a6e/go.mod h1:n7NCudcB/nEzxVGmLbDWY5pfWTLqBcC2KZ6jyYvM4mQ=
google.golang.org/protobuf v1.28.1 h1:d0NfwRgPtno5B1Wa6L2DAG+KivqkdutMf1UhdNx175w=
